# This file is automatically @generated by Cargo.
# It is not intended for manual editing.
version = 4

[[package]]
name = "rpc-gateway"
version = "0.1.0"
dependencies = [
 "rpc-gateway-config",
 "rpc-gateway-core",
]

[[package]]
name = "rpc-gateway-config"
version = "0.1.0"

[[package]]
name = "rpc-gateway-core"
version = "0.1.0"
